
Microsoft Visual Studio Solution File, Format Version 12.00
# Visual Studio Version 16
VisualStudioVersion = 16.0.31410.357
MinimumVisualStudioVersion = 10.0.40219.1
Project("{FAE04EC0-301F-11D3-BF4B-00C04F79EFBC}") = "Lab6_graphics", "OpenGL\Lab6_graphics.csproj", "{92E51D86-CC28-4EC1-8875-B9F20F21BC52}"
EndProject
Global
	GlobalSection(SolutionConfigurationPlatforms) = preSolution
		Debug|Any CPU = Debug|Any CPU
		Release|Any CPU = Release|Any CPU
	EndGlobalSection
	GlobalSection(ProjectConfigurationPlatforms) = postSolution
		{92E51D86-CC28-4EC1-8875-B9F20F21BC52}.Debug|Any CPU.ActiveCfg = Debug|Any CPU
		{92E51D86-CC28-4EC1-8875-B9F20F21BC52}.Debug|Any CPU.Build.0 = Debug|Any CPU
		{92E51D86-CC28-4EC1-8875-B9F20F21BC52}.Release|Any CPU.ActiveCfg = Release|Any CPU
		{92E51D86-CC28-4EC1-8875-B9F20F21BC52}.Release|Any CPU.Build.0 = Release|Any CPU
	EndGlobalSection
	GlobalSection(SolutionProperties) = preSolution
		HideSolutionNode = FALSE
	EndGlobalSection
	GlobalSection(ExtensibilityGlobals) = postSolution
		SolutionGuid = {AB33E4F4-7D88-4047-8120-121CCC8EFC4F}
	EndGlobalSection
EndGlobal
